
Microsoft Visual Studio Solution File, Format Version 12.00
# Visual Studio 15
VisualStudioVersion = 15.0.28307.438
MinimumVisualStudioVersion = 10.0.40219.1
Project("{8BC9CEB8-8B4A-11D0-8D11-00A0C91BC942}") = "NetClientService", "NetClientService\NetClientService.vcxproj", "{AE420CB2-C551-4581-8685-9371C1CB34D8}"
EndProject
Project("{8BC9CEB8-8B4A-11D0-8D11-00A0C91BC942}") = "DuiLib", "DuiLib\DuiLib.vcxproj", "{E106ACD7-4E53-4AEE-942B-D0DD426DB34E}"
EndProject
Project("{8BC9CEB8-8B4A-11D0-8D11-00A0C91BC942}") = "Service", "Service\Service.vcxproj", "{2AB5F960-FD7A-412A-AC00-25F6F5C6571D}"
EndProject
Project("{8BC9CEB8-8B4A-11D0-8D11-00A0C91BC942}") = "Client", "Client\Client.vcxproj", "{BB91135B-4CD8-4E43-8569-EBAFDCB08B15}"
EndProject
Project("{8BC9CEB8-8B4A-11D0-8D11-00A0C91BC942}") = "VideoCameraCapture", "VideoCameraCapture\VideoCameraCapture.vcxproj", "{988C6C8E-499A-434C-A76D-485D6E321E0C}"
EndProject
Project("{8BC9CEB8-8B4A-11D0-8D11-00A0C91BC942}") = "LaserCameraCapture", "LaserCameraCapture\LaserCameraCapture.vcxproj", "{66022484-BD00-4892-926A-0239152FFFB9}"
EndProject
Project("{8BC9CEB8-8B4A-11D0-8D11-00A0C91BC942}") = "MFCApplication1", "MFCApplication1\MFCApplication1.vcxproj", "{738820C8-D92B-45A8-A3AD-96FB0652D5A3}"
EndProject
Project("{8BC9CEB8-8B4A-11D0-8D11-00A0C91BC942}") = "Grating", "Grating\Grating.vcxproj", "{3C4143E0-15A9-40CE-8827-FCFFBDEB49BB}"
EndProject
Global
	GlobalSection(SolutionConfigurationPlatforms) = preSolution
		Debug|x64 = Debug|x64
		Debug|x86 = Debug|x86
		DebugA|x64 = DebugA|x64
		DebugA|x86 = DebugA|x86
		Release|x64 = Release|x64
		Release|x86 = Release|x86
		ReleaseA|x64 = ReleaseA|x64
		ReleaseA|x86 = ReleaseA|x86
		SDebug|x64 = SDebug|x64
		SDebug|x86 = SDebug|x86
		SDebugA|x64 = SDebugA|x64
		SDebugA|x86 = SDebugA|x86
		SRelease|x64 = SRelease|x64
		SRelease|x86 = SRelease|x86
		SReleaseA|x64 = SReleaseA|x64
		SReleaseA|x86 = SReleaseA|x86
	EndGlobalSection
	GlobalSection(ProjectConfigurationPlatforms) = postSolution
		{AE420CB2-C551-4581-8685-9371C1CB34D8}.Debug|x64.ActiveCfg = Debug|x64
		{AE420CB2-C551-4581-8685-9371C1CB34D8}.Debug|x64.Build.0 = Debug|x64
		{AE420CB2-C551-4581-8685-9371C1CB34D8}.Debug|x86.ActiveCfg = Debug|Win32
		{AE420CB2-C551-4581-8685-9371C1CB34D8}.Debug|x86.Build.0 = Debug|Win32
		{AE420CB2-C551-4581-8685-9371C1CB34D8}.DebugA|x64.ActiveCfg = Debug|x64
		{AE420CB2-C551-4581-8685-9371C1CB34D8}.DebugA|x64.Build.0 = Debug|x64
		{AE420CB2-C551-4581-8685-9371C1CB34D8}.DebugA|x86.ActiveCfg = Debug|Win32
		{AE420CB2-C551-4581-8685-9371C1CB34D8}.DebugA|x86.Build.0 = Debug|Win32
		{AE420CB2-C551-4581-8685-9371C1CB34D8}.Release|x64.ActiveCfg = Release|x64
		{AE420CB2-C551-4581-8685-9371C1CB34D8}.Release|x64.Build.0 = Release|x64
		{AE420CB2-C551-4581-8685-9371C1CB34D8}.Release|x86.ActiveCfg = Release|Win32
		{AE420CB2-C551-4581-8685-9371C1CB34D8}.Release|x86.Build.0 = Release|Win32
		{AE420CB2-C551-4581-8685-9371C1CB34D8}.ReleaseA|x64.ActiveCfg = Release|x64
		{AE420CB2-C551-4581-8685-9371C1CB34D8}.ReleaseA|x64.Build.0 = Release|x64
		{AE420CB2-C551-4581-8685-9371C1CB34D8}.ReleaseA|x86.ActiveCfg = Release|Win32
		{AE420CB2-C551-4581-8685-9371C1CB34D8}.ReleaseA|x86.Build.0 = Release|Win32
		{AE420CB2-C551-4581-8685-9371C1CB34D8}.SDebug|x64.ActiveCfg = Debug|x64
		{AE420CB2-C551-4581-8685-9371C1CB34D8}.SDebug|x64.Build.0 = Debug|x64
		{AE420CB2-C551-4581-8685-9371C1CB34D8}.SDebug|x86.ActiveCfg = Debug|Win32
		{AE420CB2-C551-4581-8685-9371C1CB34D8}.SDebug|x86.Build.0 = Debug|Win32
		{AE420CB2-C551-4581-8685-9371C1CB34D8}.SDebugA|x64.ActiveCfg = Debug|x64
		{AE420CB2-C551-4581-8685-9371C1CB34D8}.SDebugA|x64.Build.0 = Debug|x64
		{AE420CB2-C551-4581-8685-9371C1CB34D8}.SDebugA|x86.ActiveCfg = Debug|Win32
		{AE420CB2-C551-4581-8685-9371C1CB34D8}.SDebugA|x86.Build.0 = Debug|Win32
		{AE420CB2-C551-4581-8685-9371C1CB34D8}.SRelease|x64.ActiveCfg = Release|x64
		{AE420CB2-C551-4581-8685-9371C1CB34D8}.SRelease|x64.Build.0 = Release|x64
		{AE420CB2-C551-4581-8685-9371C1CB34D8}.SRelease|x86.ActiveCfg = Release|Win32
		{AE420CB2-C551-4581-8685-9371C1CB34D8}.SRelease|x86.Build.0 = Release|Win32
		{AE420CB2-C551-4581-8685-9371C1CB34D8}.SReleaseA|x64.ActiveCfg = Release|x64
		{AE420CB2-C551-4581-8685-9371C1CB34D8}.SReleaseA|x64.Build.0 = Release|x64
		{AE420CB2-C551-4581-8685-9371C1CB34D8}.SReleaseA|x86.ActiveCfg = Release|Win32
		{AE420CB2-C551-4581-8685-9371C1CB34D8}.SReleaseA|x86.Build.0 = Release|Win32
		{E106ACD7-4E53-4AEE-942B-D0DD426DB34E}.Debug|x64.ActiveCfg = Debug|x64
		{E106ACD7-4E53-4AEE-942B-D0DD426DB34E}.Debug|x64.Build.0 = Debug|x64
		{E106ACD7-4E53-4AEE-942B-D0DD426DB34E}.Debug|x86.ActiveCfg = Debug|Win32
		{E106ACD7-4E53-4AEE-942B-D0DD426DB34E}.Debug|x86.Build.0 = Debug|Win32
		{E106ACD7-4E53-4AEE-942B-D0DD426DB34E}.DebugA|x64.ActiveCfg = DebugA|x64
		{E106ACD7-4E53-4AEE-942B-D0DD426DB34E}.DebugA|x64.Build.0 = DebugA|x64
		{E106ACD7-4E53-4AEE-942B-D0DD426DB34E}.DebugA|x86.ActiveCfg = DebugA|Win32
		{E106ACD7-4E53-4AEE-942B-D0DD426DB34E}.DebugA|x86.Build.0 = DebugA|Win32
		{E106ACD7-4E53-4AEE-942B-D0DD426DB34E}.Release|x64.ActiveCfg = Release|x64
		{E106ACD7-4E53-4AEE-942B-D0DD426DB34E}.Release|x64.Build.0 = Release|x64
		{E106ACD7-4E53-4AEE-942B-D0DD426DB34E}.Release|x86.ActiveCfg = Release|Win32
		{E106ACD7-4E53-4AEE-942B-D0DD426DB34E}.Release|x86.Build.0 = Release|Win32
		{E106ACD7-4E53-4AEE-942B-D0DD426DB34E}.ReleaseA|x64.ActiveCfg = ReleaseA|x64
		{E106ACD7-4E53-4AEE-942B-D0DD426DB34E}.ReleaseA|x64.Build.0 = ReleaseA|x64
		{E106ACD7-4E53-4AEE-942B-D0DD426DB34E}.ReleaseA|x86.ActiveCfg = ReleaseA|Win32
		{E106ACD7-4E53-4AEE-942B-D0DD426DB34E}.ReleaseA|x86.Build.0 = ReleaseA|Win32
		{E106ACD7-4E53-4AEE-942B-D0DD426DB34E}.SDebug|x64.ActiveCfg = SDebug|x64
		{E106ACD7-4E53-4AEE-942B-D0DD426DB34E}.SDebug|x64.Build.0 = SDebug|x64
		{E106ACD7-4E53-4AEE-942B-D0DD426DB34E}.SDebug|x86.ActiveCfg = SDebug|Win32
		{E106ACD7-4E53-4AEE-942B-D0DD426DB34E}.SDebug|x86.Build.0 = SDebug|Win32
		{E106ACD7-4E53-4AEE-942B-D0DD426DB34E}.SDebugA|x64.ActiveCfg = SDebugA|x64
		{E106ACD7-4E53-4AEE-942B-D0DD426DB34E}.SDebugA|x64.Build.0 = SDebugA|x64
		{E106ACD7-4E53-4AEE-942B-D0DD426DB34E}.SDebugA|x86.ActiveCfg = SDebugA|Win32
		{E106ACD7-4E53-4AEE-942B-D0DD426DB34E}.SDebugA|x86.Build.0 = SDebugA|Win32
		{E106ACD7-4E53-4AEE-942B-D0DD426DB34E}.SRelease|x64.ActiveCfg = SRelease|x64
		{E106ACD7-4E53-4AEE-942B-D0DD426DB34E}.SRelease|x64.Build.0 = SRelease|x64
		{E106ACD7-4E53-4AEE-942B-D0DD426DB34E}.SRelease|x86.ActiveCfg = SRelease|Win32
		{E106ACD7-4E53-4AEE-942B-D0DD426DB34E}.SRelease|x86.Build.0 = SRelease|Win32
		{E106ACD7-4E53-4AEE-942B-D0DD426DB34E}.SReleaseA|x64.ActiveCfg = SReleaseA|x64
		{E106ACD7-4E53-4AEE-942B-D0DD426DB34E}.SReleaseA|x64.Build.0 = SReleaseA|x64
		{E106ACD7-4E53-4AEE-942B-D0DD426DB34E}.SReleaseA|x86.ActiveCfg = SReleaseA|Win32
		{E106ACD7-4E53-4AEE-942B-D0DD426DB34E}.SReleaseA|x86.Build.0 = SReleaseA|Win32
		{2AB5F960-FD7A-412A-AC00-25F6F5C6571D}.Debug|x64.ActiveCfg = Debug|x64
		{2AB5F960-FD7A-412A-AC00-25F6F5C6571D}.Debug|x64.Build.0 = Debug|x64
		{2AB5F960-FD7A-412A-AC00-25F6F5C6571D}.Debug|x86.ActiveCfg = Debug|Win32
		{2AB5F960-FD7A-412A-AC00-25F6F5C6571D}.Debug|x86.Build.0 = Debug|Win32
		{2AB5F960-FD7A-412A-AC00-25F6F5C6571D}.DebugA|x64.ActiveCfg = Debug|x64
		{2AB5F960-FD7A-412A-AC00-25F6F5C6571D}.DebugA|x64.Build.0 = Debug|x64
		{2AB5F960-FD7A-412A-AC00-25F6F5C6571D}.DebugA|x86.ActiveCfg = Debug|Win32
		{2AB5F960-FD7A-412A-AC00-25F6F5C6571D}.DebugA|x86.Build.0 = Debug|Win32
		{2AB5F960-FD7A-412A-AC00-25F6F5C6571D}.Release|x64.ActiveCfg = Release|x64
		{2AB5F960-FD7A-412A-AC00-25F6F5C6571D}.Release|x64.Build.0 = Release|x64
		{2AB5F960-FD7A-412A-AC00-25F6F5C6571D}.Release|x86.ActiveCfg = Release|Win32
		{2AB5F960-FD7A-412A-AC00-25F6F5C6571D}.Release|x86.Build.0 = Release|Win32
		{2AB5F960-FD7A-412A-AC00-25F6F5C6571D}.ReleaseA|x64.ActiveCfg = Release|x64
		{2AB5F960-FD7A-412A-AC00-25F6F5C6571D}.ReleaseA|x64.Build.0 = Release|x64
		{2AB5F960-FD7A-412A-AC00-25F6F5C6571D}.ReleaseA|x86.ActiveCfg = Release|Win32
		{2AB5F960-FD7A-412A-AC00-25F6F5C6571D}.ReleaseA|x86.Build.0 = Release|Win32
		{2AB5F960-FD7A-412A-AC00-25F6F5C6571D}.SDebug|x64.ActiveCfg = Debug|x64
		{2AB5F960-FD7A-412A-AC00-25F6F5C6571D}.SDebug|x64.Build.0 = Debug|x64
		{2AB5F960-FD7A-412A-AC00-25F6F5C6571D}.SDebug|x86.ActiveCfg = Debug|Win32
		{2AB5F960-FD7A-412A-AC00-25F6F5C6571D}.SDebug|x86.Build.0 = Debug|Win32
		{2AB5F960-FD7A-412A-AC00-25F6F5C6571D}.SDebugA|x64.ActiveCfg = Debug|x64
		{2AB5F960-FD7A-412A-AC00-25F6F5C6571D}.SDebugA|x64.Build.0 = Debug|x64
		{2AB5F960-FD7A-412A-AC00-25F6F5C6571D}.SDebugA|x86.ActiveCfg = Debug|Win32
		{2AB5F960-FD7A-412A-AC00-25F6F5C6571D}.SDebugA|x86.Build.0 = Debug|Win32
		{2AB5F960-FD7A-412A-AC00-25F6F5C6571D}.SRelease|x64.ActiveCfg = Release|x64
		{2AB5F960-FD7A-412A-AC00-25F6F5C6571D}.SRelease|x64.Build.0 = Release|x64
		{2AB5F960-FD7A-412A-AC00-25F6F5C6571D}.SRelease|x86.ActiveCfg = Release|Win32
		{2AB5F960-FD7A-412A-AC00-25F6F5C6571D}.SRelease|x86.Build.0 = Release|Win32
		{2AB5F960-FD7A-412A-AC00-25F6F5C6571D}.SReleaseA|x64.ActiveCfg = Release|x64
		{2AB5F960-FD7A-412A-AC00-25F6F5C6571D}.SReleaseA|x64.Build.0 = Release|x64
		{2AB5F960-FD7A-412A-AC00-25F6F5C6571D}.SReleaseA|x86.ActiveCfg = Release|Win32
		{2AB5F960-FD7A-412A-AC00-25F6F5C6571D}.SReleaseA|x86.Build.0 = Release|Win32
		{BB91135B-4CD8-4E43-8569-EBAFDCB08B15}.Debug|x64.ActiveCfg = Debug|x64
		{BB91135B-4CD8-4E43-8569-EBAFDCB08B15}.Debug|x64.Build.0 = Debug|x64
		{BB91135B-4CD8-4E43-8569-EBAFDCB08B15}.Debug|x86.ActiveCfg = Debug|Win32
		{BB91135B-4CD8-4E43-8569-EBAFDCB08B15}.Debug|x86.Build.0 = Debug|Win32
		{BB91135B-4CD8-4E43-8569-EBAFDCB08B15}.DebugA|x64.ActiveCfg = Debug|x64
		{BB91135B-4CD8-4E43-8569-EBAFDCB08B15}.DebugA|x64.Build.0 = Debug|x64
		{BB91135B-4CD8-4E43-8569-EBAFDCB08B15}.DebugA|x86.ActiveCfg = Debug|Win32
		{BB91135B-4CD8-4E43-8569-EBAFDCB08B15}.DebugA|x86.Build.0 = Debug|Win32
		{BB91135B-4CD8-4E43-8569-EBAFDCB08B15}.Release|x64.ActiveCfg = Release|x64
		{BB91135B-4CD8-4E43-8569-EBAFDCB08B15}.Release|x64.Build.0 = Release|x64
		{BB91135B-4CD8-4E43-8569-EBAFDCB08B15}.Release|x86.ActiveCfg = Release|Win32
		{BB91135B-4CD8-4E43-8569-EBAFDCB08B15}.Release|x86.Build.0 = Release|Win32
		{BB91135B-4CD8-4E43-8569-EBAFDCB08B15}.ReleaseA|x64.ActiveCfg = Release|x64
		{BB91135B-4CD8-4E43-8569-EBAFDCB08B15}.ReleaseA|x64.Build.0 = Release|x64
		{BB91135B-4CD8-4E43-8569-EBAFDCB08B15}.ReleaseA|x86.ActiveCfg = Release|Win32
		{BB91135B-4CD8-4E43-8569-EBAFDCB08B15}.ReleaseA|x86.Build.0 = Release|Win32
		{BB91135B-4CD8-4E43-8569-EBAFDCB08B15}.SDebug|x64.ActiveCfg = Debug|x64
		{BB91135B-4CD8-4E43-8569-EBAFDCB08B15}.SDebug|x64.Build.0 = Debug|x64
		{BB91135B-4CD8-4E43-8569-EBAFDCB08B15}.SDebug|x86.ActiveCfg = Debug|Win32
		{BB91135B-4CD8-4E43-8569-EBAFDCB08B15}.SDebug|x86.Build.0 = Debug|Win32
		{BB91135B-4CD8-4E43-8569-EBAFDCB08B15}.SDebugA|x64.ActiveCfg = Debug|x64
		{BB91135B-4CD8-4E43-8569-EBAFDCB08B15}.SDebugA|x64.Build.0 = Debug|x64
		{BB91135B-4CD8-4E43-8569-EBAFDCB08B15}.SDebugA|x86.ActiveCfg = Debug|Win32
		{BB91135B-4CD8-4E43-8569-EBAFDCB08B15}.SDebugA|x86.Build.0 = Debug|Win32
		{BB91135B-4CD8-4E43-8569-EBAFDCB08B15}.SRelease|x64.ActiveCfg = Release|x64
		{BB91135B-4CD8-4E43-8569-EBAFDCB08B15}.SRelease|x64.Build.0 = Release|x64
		{BB91135B-4CD8-4E43-8569-EBAFDCB08B15}.SRelease|x86.ActiveCfg = Release|Win32
		{BB91135B-4CD8-4E43-8569-EBAFDCB08B15}.SRelease|x86.Build.0 = Release|Win32
		{BB91135B-4CD8-4E43-8569-EBAFDCB08B15}.SReleaseA|x64.ActiveCfg = Release|x64
		{BB91135B-4CD8-4E43-8569-EBAFDCB08B15}.SReleaseA|x64.Build.0 = Release|x64
		{BB91135B-4CD8-4E43-8569-EBAFDCB08B15}.SReleaseA|x86.ActiveCfg = Release|Win32
		{BB91135B-4CD8-4E43-8569-EBAFDCB08B15}.SReleaseA|x86.Build.0 = Release|Win32
		{988C6C8E-499A-434C-A76D-485D6E321E0C}.Debug|x64.ActiveCfg = Debug|x64
		{988C6C8E-499A-434C-A76D-485D6E321E0C}.Debug|x64.Build.0 = Debug|x64
		{988C6C8E-499A-434C-A76D-485D6E321E0C}.Debug|x86.ActiveCfg = Debug|Win32
		{988C6C8E-499A-434C-A76D-485D6E321E0C}.Debug|x86.Build.0 = Debug|Win32
		{988C6C8E-499A-434C-A76D-485D6E321E0C}.DebugA|x64.ActiveCfg = Debug|x64
		{988C6C8E-499A-434C-A76D-485D6E321E0C}.DebugA|x64.Build.0 = Debug|x64
		{988C6C8E-499A-434C-A76D-485D6E321E0C}.DebugA|x86.ActiveCfg = Debug|Win32
		{988C6C8E-499A-434C-A76D-485D6E321E0C}.DebugA|x86.Build.0 = Debug|Win32
		{988C6C8E-499A-434C-A76D-485D6E321E0C}.Release|x64.ActiveCfg = Release|x64
		{988C6C8E-499A-434C-A76D-485D6E321E0C}.Release|x64.Build.0 = Release|x64
		{988C6C8E-499A-434C-A76D-485D6E321E0C}.Release|x86.ActiveCfg = Release|Win32
		{988C6C8E-499A-434C-A76D-485D6E321E0C}.Release|x86.Build.0 = Release|Win32
		{988C6C8E-499A-434C-A76D-485D6E321E0C}.ReleaseA|x64.ActiveCfg = Release|x64
		{988C6C8E-499A-434C-A76D-485D6E321E0C}.ReleaseA|x64.Build.0 = Release|x64
		{988C6C8E-499A-434C-A76D-485D6E321E0C}.ReleaseA|x86.ActiveCfg = Release|Win32
		{988C6C8E-499A-434C-A76D-485D6E321E0C}.ReleaseA|x86.Build.0 = Release|Win32
		{988C6C8E-499A-434C-A76D-485D6E321E0C}.SDebug|x64.ActiveCfg = Debug|x64
		{988C6C8E-499A-434C-A76D-485D6E321E0C}.SDebug|x64.Build.0 = Debug|x64
		{988C6C8E-499A-434C-A76D-485D6E321E0C}.SDebug|x86.ActiveCfg = Debug|Win32
		{988C6C8E-499A-434C-A76D-485D6E321E0C}.SDebug|x86.Build.0 = Debug|Win32
		{988C6C8E-499A-434C-A76D-485D6E321E0C}.SDebugA|x64.ActiveCfg = Debug|x64
		{988C6C8E-499A-434C-A76D-485D6E321E0C}.SDebugA|x64.Build.0 = Debug|x64
		{988C6C8E-499A-434C-A76D-485D6E321E0C}.SDebugA|x86.ActiveCfg = Debug|Win32
		{988C6C8E-499A-434C-A76D-485D6E321E0C}.SDebugA|x86.Build.0 = Debug|Win32
		{988C6C8E-499A-434C-A76D-485D6E321E0C}.SRelease|x64.ActiveCfg = Release|x64
		{988C6C8E-499A-434C-A76D-485D6E321E0C}.SRelease|x64.Build.0 = Release|x64
		{988C6C8E-499A-434C-A76D-485D6E321E0C}.SRelease|x86.ActiveCfg = Release|Win32
		{988C6C8E-499A-434C-A76D-485D6E321E0C}.SRelease|x86.Build.0 = Release|Win32
		{988C6C8E-499A-434C-A76D-485D6E321E0C}.SReleaseA|x64.ActiveCfg = Release|x64
		{988C6C8E-499A-434C-A76D-485D6E321E0C}.SReleaseA|x64.Build.0 = Release|x64
		{988C6C8E-499A-434C-A76D-485D6E321E0C}.SReleaseA|x86.ActiveCfg = Release|Win32
		{988C6C8E-499A-434C-A76D-485D6E321E0C}.SReleaseA|x86.Build.0 = Release|Win32
		{66022484-BD00-4892-926A-0239152FFFB9}.Debug|x64.ActiveCfg = Debug|x64
		{66022484-BD00-4892-926A-0239152FFFB9}.Debug|x64.Build.0 = Debug|x64
		{66022484-BD00-4892-926A-0239152FFFB9}.Debug|x86.ActiveCfg = Debug|Win32
		{66022484-BD00-4892-926A-0239152FFFB9}.Debug|x86.Build.0 = Debug|Win32
		{66022484-BD00-4892-926A-0239152FFFB9}.DebugA|x64.ActiveCfg = Debug|x64
		{66022484-BD00-4892-926A-0239152FFFB9}.DebugA|x64.Build.0 = Debug|x64
		{66022484-BD00-4892-926A-0239152FFFB9}.DebugA|x86.ActiveCfg = Debug|Win32
		{66022484-BD00-4892-926A-0239152FFFB9}.DebugA|x86.Build.0 = Debug|Win32
		{66022484-BD00-4892-926A-0239152FFFB9}.Release|x64.ActiveCfg = Release|x64
		{66022484-BD00-4892-926A-0239152FFFB9}.Release|x64.Build.0 = Release|x64
		{66022484-BD00-4892-926A-0239152FFFB9}.Release|x86.ActiveCfg = Release|Win32
		{66022484-BD00-4892-926A-0239152FFFB9}.Release|x86.Build.0 = Release|Win32
		{66022484-BD00-4892-926A-0239152FFFB9}.ReleaseA|x64.ActiveCfg = Release|x64
		{66022484-BD00-4892-926A-0239152FFFB9}.ReleaseA|x64.Build.0 = Release|x64
		{66022484-BD00-4892-926A-0239152FFFB9}.ReleaseA|x86.ActiveCfg = Release|Win32
		{66022484-BD00-4892-926A-0239152FFFB9}.ReleaseA|x86.Build.0 = Release|Win32
		{66022484-BD00-4892-926A-0239152FFFB9}.SDebug|x64.ActiveCfg = Debug|x64
		{66022484-BD00-4892-926A-0239152FFFB9}.SDebug|x64.Build.0 = Debug|x64
		{66022484-BD00-4892-926A-0239152FFFB9}.SDebug|x86.ActiveCfg = Debug|Win32
		{66022484-BD00-4892-926A-0239152FFFB9}.SDebug|x86.Build.0 = Debug|Win32
		{66022484-BD00-4892-926A-0239152FFFB9}.SDebugA|x64.ActiveCfg = Debug|x64
		{66022484-BD00-4892-926A-0239152FFFB9}.SDebugA|x64.Build.0 = Debug|x64
		{66022484-BD00-4892-926A-0239152FFFB9}.SDebugA|x86.ActiveCfg = Debug|Win32
		{66022484-BD00-4892-926A-0239152FFFB9}.SDebugA|x86.Build.0 = Debug|Win32
		{66022484-BD00-4892-926A-0239152FFFB9}.SRelease|x64.ActiveCfg = Release|x64
		{66022484-BD00-4892-926A-0239152FFFB9}.SRelease|x64.Build.0 = Release|x64
		{66022484-BD00-4892-926A-0239152FFFB9}.SRelease|x86.ActiveCfg = Release|Win32
		{66022484-BD00-4892-926A-0239152FFFB9}.SRelease|x86.Build.0 = Release|Win32
		{66022484-BD00-4892-926A-0239152FFFB9}.SReleaseA|x64.ActiveCfg = Release|x64
		{66022484-BD00-4892-926A-0239152FFFB9}.SReleaseA|x64.Build.0 = Release|x64
		{66022484-BD00-4892-926A-0239152FFFB9}.SReleaseA|x86.ActiveCfg = Release|Win32
		{66022484-BD00-4892-926A-0239152FFFB9}.SReleaseA|x86.Build.0 = Release|Win32
		{738820C8-D92B-45A8-A3AD-96FB0652D5A3}.Debug|x64.ActiveCfg = Debug|x64
		{738820C8-D92B-45A8-A3AD-96FB0652D5A3}.Debug|x64.Build.0 = Debug|x64
		{738820C8-D92B-45A8-A3AD-96FB0652D5A3}.Debug|x86.ActiveCfg = Debug|Win32
		{738820C8-D92B-45A8-A3AD-96FB0652D5A3}.Debug|x86.Build.0 = Debug|Win32
		{738820C8-D92B-45A8-A3AD-96FB0652D5A3}.DebugA|x64.ActiveCfg = Debug|x64
		{738820C8-D92B-45A8-A3AD-96FB0652D5A3}.DebugA|x64.Build.0 = Debug|x64
		{738820C8-D92B-45A8-A3AD-96FB0652D5A3}.DebugA|x86.ActiveCfg = Debug|Win32
		{738820C8-D92B-45A8-A3AD-96FB0652D5A3}.DebugA|x86.Build.0 = Debug|Win32
		{738820C8-D92B-45A8-A3AD-96FB0652D5A3}.Release|x64.ActiveCfg = Release|x64
		{738820C8-D92B-45A8-A3AD-96FB0652D5A3}.Release|x64.Build.0 = Release|x64
		{738820C8-D92B-45A8-A3AD-96FB0652D5A3}.Release|x86.ActiveCfg = Release|Win32
		{738820C8-D92B-45A8-A3AD-96FB0652D5A3}.Release|x86.Build.0 = Release|Win32
		{738820C8-D92B-45A8-A3AD-96FB0652D5A3}.ReleaseA|x64.ActiveCfg = Release|x64
		{738820C8-D92B-45A8-A3AD-96FB0652D5A3}.ReleaseA|x64.Build.0 = Release|x64
		{738820C8-D92B-45A8-A3AD-96FB0652D5A3}.ReleaseA|x86.ActiveCfg = Release|Win32
		{738820C8-D92B-45A8-A3AD-96FB0652D5A3}.ReleaseA|x86.Build.0 = Release|Win32
		{738820C8-D92B-45A8-A3AD-96FB0652D5A3}.SDebug|x64.ActiveCfg = Debug|x64
		{738820C8-D92B-45A8-A3AD-96FB0652D5A3}.SDebug|x64.Build.0 = Debug|x64
		{738820C8-D92B-45A8-A3AD-96FB0652D5A3}.SDebug|x86.ActiveCfg = Debug|Win32
		{738820C8-D92B-45A8-A3AD-96FB0652D5A3}.SDebug|x86.Build.0 = Debug|Win32
		{738820C8-D92B-45A8-A3AD-96FB0652D5A3}.SDebugA|x64.ActiveCfg = Debug|x64
		{738820C8-D92B-45A8-A3AD-96FB0652D5A3}.SDebugA|x64.Build.0 = Debug|x64
		{738820C8-D92B-45A8-A3AD-96FB0652D5A3}.SDebugA|x86.ActiveCfg = Debug|Win32
		{738820C8-D92B-45A8-A3AD-96FB0652D5A3}.SDebugA|x86.Build.0 = Debug|Win32
		{738820C8-D92B-45A8-A3AD-96FB0652D5A3}.SRelease|x64.ActiveCfg = Release|x64
		{738820C8-D92B-45A8-A3AD-96FB0652D5A3}.SRelease|x64.Build.0 = Release|x64
		{738820C8-D92B-45A8-A3AD-96FB0652D5A3}.SRelease|x86.ActiveCfg = Release|Win32
		{738820C8-D92B-45A8-A3AD-96FB0652D5A3}.SRelease|x86.Build.0 = Release|Win32
		{738820C8-D92B-45A8-A3AD-96FB0652D5A3}.SReleaseA|x64.ActiveCfg = Release|x64
		{738820C8-D92B-45A8-A3AD-96FB0652D5A3}.SReleaseA|x64.Build.0 = Release|x64
		{738820C8-D92B-45A8-A3AD-96FB0652D5A3}.SReleaseA|x86.ActiveCfg = Release|Win32
		{738820C8-D92B-45A8-A3AD-96FB0652D5A3}.SReleaseA|x86.Build.0 = Release|Win32
		{3C4143E0-15A9-40CE-8827-FCFFBDEB49BB}.Debug|x64.ActiveCfg = Debug|x64
		{3C4143E0-15A9-40CE-8827-FCFFBDEB49BB}.Debug|x64.Build.0 = Debug|x64
		{3C4143E0-15A9-40CE-8827-FCFFBDEB49BB}.Debug|x86.ActiveCfg = Debug|Win32
		{3C4143E0-15A9-40CE-8827-FCFFBDEB49BB}.Debug|x86.Build.0 = Debug|Win32
		{3C4143E0-15A9-40CE-8827-FCFFBDEB49BB}.DebugA|x64.ActiveCfg = Debug|x64
		{3C4143E0-15A9-40CE-8827-FCFFBDEB49BB}.DebugA|x64.Build.0 = Debug|x64
		{3C4143E0-15A9-40CE-8827-FCFFBDEB49BB}.DebugA|x86.ActiveCfg = Debug|Win32
		{3C4143E0-15A9-40CE-8827-FCFFBDEB49BB}.DebugA|x86.Build.0 = Debug|Win32
		{3C4143E0-15A9-40CE-8827-FCFFBDEB49BB}.Release|x64.ActiveCfg = Release|x64
		{3C4143E0-15A9-40CE-8827-FCFFBDEB49BB}.Release|x64.Build.0 = Release|x64
		{3C4143E0-15A9-40CE-8827-FCFFBDEB49BB}.Release|x86.ActiveCfg = Release|Win32
		{3C4143E0-15A9-40CE-8827-FCFFBDEB49BB}.Release|x86.Build.0 = Release|Win32
		{3C4143E0-15A9-40CE-8827-FCFFBDEB49BB}.ReleaseA|x64.ActiveCfg = Release|x64
		{3C4143E0-15A9-40CE-8827-FCFFBDEB49BB}.ReleaseA|x64.Build.0 = Release|x64
		{3C4143E0-15A9-40CE-8827-FCFFBDEB49BB}.ReleaseA|x86.ActiveCfg = Release|Win32
		{3C4143E0-15A9-40CE-8827-FCFFBDEB49BB}.ReleaseA|x86.Build.0 = Release|Win32
		{3C4143E0-15A9-40CE-8827-FCFFBDEB49BB}.SDebug|x64.ActiveCfg = Debug|x64
		{3C4143E0-15A9-40CE-8827-FCFFBDEB49BB}.SDebug|x64.Build.0 = Debug|x64
		{3C4143E0-15A9-40CE-8827-FCFFBDEB49BB}.SDebug|x86.ActiveCfg = Debug|Win32
		{3C4143E0-15A9-40CE-8827-FCFFBDEB49BB}.SDebug|x86.Build.0 = Debug|Win32
		{3C4143E0-15A9-40CE-8827-FCFFBDEB49BB}.SDebugA|x64.ActiveCfg = Debug|x64
		{3C4143E0-15A9-40CE-8827-FCFFBDEB49BB}.SDebugA|x64.Build.0 = Debug|x64
		{3C4143E0-15A9-40CE-8827-FCFFBDEB49BB}.SDebugA|x86.ActiveCfg = Debug|Win32
		{3C4143E0-15A9-40CE-8827-FCFFBDEB49BB}.SDebugA|x86.Build.0 = Debug|Win32
		{3C4143E0-15A9-40CE-8827-FCFFBDEB49BB}.SRelease|x64.ActiveCfg = Release|x64
		{3C4143E0-15A9-40CE-8827-FCFFBDEB49BB}.SRelease|x64.Build.0 = Release|x64
		{3C4143E0-15A9-40CE-8827-FCFFBDEB49BB}.SRelease|x86.ActiveCfg = Release|Win32
		{3C4143E0-15A9-40CE-8827-FCFFBDEB49BB}.SRelease|x86.Build.0 = Release|Win32
		{3C4143E0-15A9-40CE-8827-FCFFBDEB49BB}.SReleaseA|x64.ActiveCfg = Release|x64
		{3C4143E0-15A9-40CE-8827-FCFFBDEB49BB}.SReleaseA|x64.Build.0 = Release|x64
		{3C4143E0-15A9-40CE-8827-FCFFBDEB49BB}.SReleaseA|x86.ActiveCfg = Release|Win32
		{3C4143E0-15A9-40CE-8827-FCFFBDEB49BB}.SReleaseA|x86.Build.0 = Release|Win32
	EndGlobalSection
	GlobalSection(SolutionProperties) = preSolution
		HideSolutionNode = FALSE
	EndGlobalSection
	GlobalSection(ExtensibilityGlobals) = postSolution
		SolutionGuid = {BB20FB25-A9C0-41E1-8A06-66FBF2016F89}
	EndGlobalSection
EndGlobal
